# THIS IS AN AUTOGENERATED FILE. DO NOT EDIT THIS FILE DIRECTLY.
# yarn lockfile v1


"@derhuerst/http-basic@^8.2.0":
  version "8.2.4"
  resolved "https://registry.yarnpkg.com/@derhuerst/http-basic/-/http-basic-8.2.4.tgz#d021ebb8f65d54bea681ae6f4a8733ce89e7f59b"
  integrity sha512-F9rL9k9Xjf5blCz8HsJRO4diy111cayL2vkY2XE4r4t3n0yPXVYy3KD3nJ1qbrSn9743UWSXH4IwuCa/HWlGFw==
  dependencies:
    caseless "^0.12.0"
    concat-stream "^2.0.0"
    http-response-object "^3.0.1"
    parse-cache-control "^1.0.1"

"@discordjs/builders@^1.14.1":
  version "1.14.1"
  resolved "https://registry.yarnpkg.com/@discordjs/builders/-/builders-1.14.1.tgz#c0ec04f3ae7a584296bfd1dccdda59bf580a0c89"
  integrity sha512-gSKkhXLqs96TCzk66VZuHHl8z2bQMJFGwrXC0f33ngK+FLNau4hU1PYny3DNJfNdSH+gVMzE85/d5FQ2BpcNwQ==
  dependencies:
    "@discordjs/formatters" "^0.6.2"
    "@discordjs/util" "^1.2.0"
    "@sapphire/shapeshift" "^4.0.0"
    discord-api-types "^0.38.40"
    fast-deep-equal "^3.1.3"
    ts-mixer "^6.0.4"
    tslib "^2.6.3"

"@discordjs/collection@1.5.3":
  version "1.5.3"
  resolved "https://registry.yarnpkg.com/@discordjs/collection/-/collection-1.5.3.tgz#5a1250159ebfff9efa4f963cfa7e97f1b291be18"
  integrity sha512-SVb428OMd3WO1paV3rm6tSjM4wC+Kecaa1EUGX7vc6/fddvw/6lg90z4QtCqm21zvVe92vMMDt9+DkIvjXImQQ==

"@discordjs/collection@^2.1.0", "@discordjs/collection@^2.1.1":
  version "2.1.1"
  resolved "https://registry.yarnpkg.com/@discordjs/collection/-/collection-2.1.1.tgz#901917bc538c12b9c3613036d317847baee08cae"
  integrity sha512-LiSusze9Tc7qF03sLCujF5iZp7K+vRNEDBZ86FT9aQAv3vxMLihUvKvpsCWiQ2DJq1tVckopKm1rxomgNUc9hg==

"@discordjs/formatters@^0.6.2":
  version "0.6.2"
  resolved "https://registry.yarnpkg.com/@discordjs/formatters/-/formatters-0.6.2.tgz#93c4a213ceb49c9a28e8adb65d50a027579b8c30"
  integrity sha512-y4UPwWhH6vChKRkGdMB4odasUbHOUwy7KL+OVwF86PvT6QVOwElx+TiI1/6kcmcEe+g5YRXJFiXSXUdabqZOvQ==
  dependencies:
    discord-api-types "^0.38.33"

"@discordjs/rest@^2.5.1", "@discordjs/rest@^2.6.1":
  version "2.6.1"
  resolved "https://registry.yarnpkg.com/@discordjs/rest/-/rest-2.6.1.tgz#53f88b5b150392e325c85d32a3ad894e9d839380"
  integrity sha512-wwQdgjeaoYFiaG+atbqx6aJDpqW7JHAo0HrQkBTbYzM3/PJ3GweQIpgElNcGZ26DCUOXMyawYd0YF7vtr+fZXg==
  dependencies:
    "@discordjs/collection" "^2.1.1"
    "@discordjs/util" "^1.2.0"
    "@sapphire/async-queue" "^1.5.3"
    "@sapphire/snowflake" "^3.5.5"
    "@vladfrangu/async_event_emitter" "^2.4.6"
    discord-api-types "^0.38.40"
    magic-bytes.js "^1.13.0"
    tslib "^2.6.3"
    undici "6.24.1"

"@discordjs/util@^1.1.0", "@discordjs/util@^1.2.0":
  version "1.2.0"
  resolved "https://registry.yarnpkg.com/@discordjs/util/-/util-1.2.0.tgz#a45a2b643423094eb6378060c623f4d3e6d593d4"
  integrity sha512-3LKP7F2+atl9vJFhaBjn4nOaSWahZ/yWjOvA4e5pnXkt2qyXRCHLxoBQy81GFtLGCq7K9lPm9R517M1U+/90Qg==
  dependencies:
    discord-api-types "^0.38.33"

"@discordjs/voice@^0.19.2":
  version "0.19.2"
  resolved "https://registry.yarnpkg.com/@discordjs/voice/-/voice-0.19.2.tgz#0321d78583fcf036079220e64923e6896fbbab99"
  integrity sha512-3yJ255e4ag3wfZu/DSxeOZK1UtnqNxnspmLaQetGT0pDkThNZoHs+Zg6dgZZ19JEVomXygvfHn9lNpICZuYtEA==
  dependencies:
    "@snazzah/davey" "^0.1.9"
    "@types/ws" "^8.18.1"
    discord-api-types "^0.38.41"
    prism-media "^1.3.5"
    tslib "^2.8.1"
    ws "^8.19.0"

"@discordjs/ws@^1.2.3":
  version "1.2.3"
  resolved "https://registry.yarnpkg.com/@discordjs/ws/-/ws-1.2.3.tgz#7cf80d8528366c6810c02b43ca49958ef154c3d4"
  integrity sha512-wPlQDxEmlDg5IxhJPuxXr3Vy9AjYq5xCvFWGJyD7w7Np8ZGu+Mc+97LCoEc/+AYCo2IDpKioiH0/c/mj5ZR9Uw==
  dependencies:
    "@discordjs/collection" "^2.1.0"
    "@discordjs/rest" "^2.5.1"
    "@discordjs/util" "^1.1.0"
    "@sapphire/async-queue" "^1.5.2"
    "@types/ws" "^8.5.10"
    "@vladfrangu/async_event_emitter" "^2.2.4"
    discord-api-types "^0.38.1"
    tslib "^2.6.2"
    ws "^8.17.0"

"@esbuild/aix-ppc64@0.27.7":
  version "0.27.7"
  resolved "https://registry.yarnpkg.com/@esbuild/aix-ppc64/-/aix-ppc64-0.27.7.tgz#82b74f92aa78d720b714162939fb248c90addf53"
  integrity sha512-EKX3Qwmhz1eMdEJokhALr0YiD0lhQNwDqkPYyPhiSwKrh7/4KRjQc04sZ8db+5DVVnZ1LmbNDI1uAMPEUBnQPg==

"@esbuild/android-arm64@0.27.7":
  version "0.27.7"
  resolved "https://registry.yarnpkg.com/@esbuild/android-arm64/-/android-arm64-0.27.7.tgz#f78cb8a3121fc205a53285adb24972db385d185d"
  integrity sha512-62dPZHpIXzvChfvfLJow3q5dDtiNMkwiRzPylSCfriLvZeq0a1bWChrGx/BbUbPwOrsWKMn8idSllklzBy+dgQ==

"@esbuild/android-arm@0.27.7":
  version "0.27.7"
  resolved "https://registry.yarnpkg.com/@esbuild/android-arm/-/android-arm-0.27.7.tgz#593e10a1450bbfcac6cb321f61f468453bac209d"
  integrity sha512-jbPXvB4Yj2yBV7HUfE2KHe4GJX51QplCN1pGbYjvsyCZbQmies29EoJbkEc+vYuU5o45AfQn37vZlyXy4YJ8RQ==

"@esbuild/android-x64@0.27.7":
  version "0.27.7"
  resolved "https://registry.yarnpkg.com/@esbuild/android-x64/-/android-x64-0.27.7.tgz#453143d073326033d2d22caf9e48de4bae274b07"
  integrity sha512-x5VpMODneVDb70PYV2VQOmIUUiBtY3D3mPBG8NxVk5CogneYhkR7MmM3yR/uMdITLrC1ml/NV1rj4bMJuy9MCg==

"@esbuild/darwin-arm64@0.27.7":
  version "0.27.7"
  resolved "https://registry.yarnpkg.com/@esbuild/darwin-arm64/-/darwin-arm64-0.27.7.tgz#6f23000fb9b40b7e04b7d0606c0693bd0632f322"
  integrity sha512-5lckdqeuBPlKUwvoCXIgI2D9/ABmPq3Rdp7IfL70393YgaASt7tbju3Ac+ePVi3KDH6N2RqePfHnXkaDtY9fkw==

"@esbuild/darwin-x64@0.27.7":
  version "0.27.7"
  resolved "https://registry.yarnpkg.com/@esbuild/darwin-x64/-/darwin-x64-0.27.7.tgz#27393dd18bb1263c663979c5f1576e00c2d024be"
  integrity sha512-rYnXrKcXuT7Z+WL5K980jVFdvVKhCHhUwid+dDYQpH+qu+TefcomiMAJpIiC2EM3Rjtq0sO3StMV/+3w3MyyqQ==

"@esbuild/freebsd-arm64@0.27.7":
  version "0.27.7"
  resolved "https://registry.yarnpkg.com/@esbuild/freebsd-arm64/-/freebsd-arm64-0.27.7.tgz#22e4638fa502d1c0027077324c97640e3adf3a62"
  integrity sha512-B48PqeCsEgOtzME2GbNM2roU29AMTuOIN91dsMO30t+Ydis3z/3Ngoj5hhnsOSSwNzS+6JppqWsuhTp6E82l2w==

"@esbuild/freebsd-x64@0.27.7":
  version "0.27.7"
  resolved "https://registry.yarnpkg.com/@esbuild/freebsd-x64/-/freebsd-x64-0.27.7.tgz#9224b8e4fea924ce2194e3efc3e9aebf822192d6"
  integrity sha512-jOBDK5XEjA4m5IJK3bpAQF9/Lelu/Z9ZcdhTRLf4cajlB+8VEhFFRjWgfy3M1O4rO2GQ/b2dLwCUGpiF/eATNQ==

"@esbuild/linux-arm64@0.27.7":
  version "0.27.7"
  resolved "https://registry.yarnpkg.com/@esbuild/linux-arm64/-/linux-arm64-0.27.7.tgz#4f5d1c27527d817b35684ae21419e57c2bda0966"
  integrity sha512-RZPHBoxXuNnPQO9rvjh5jdkRmVizktkT7TCDkDmQ0W2SwHInKCAV95GRuvdSvA7w4VMwfCjUiPwDi0ZO6Nfe9A==

"@esbuild/linux-arm@0.27.7":
  version "0.27.7"
  resolved "https://registry.yarnpkg.com/@esbuild/linux-arm/-/linux-arm-0.27.7.tgz#b9e9d070c8c1c0449cf12b20eac37d70a4595921"
  integrity sha512-RkT/YXYBTSULo3+af8Ib0ykH8u2MBh57o7q/DAs3lTJlyVQkgQvlrPTnjIzzRPQyavxtPtfg0EopvDyIt0j1rA==

"@esbuild/linux-ia32@0.27.7":
  version "0.27.7"
  resolved "https://registry.yarnpkg.com/@esbuild/linux-ia32/-/linux-ia32-0.27.7.tgz#3f80fb696aa96051a94047f35c85b08b21c36f9e"
  integrity sha512-GA48aKNkyQDbd3KtkplYWT102C5sn/EZTY4XROkxONgruHPU72l+gW+FfF8tf2cFjeHaRbWpOYa/uRBz/Xq1Pg==

"@esbuild/linux-loong64@0.27.7":
  version "0.27.7"
  resolved "https://registry.yarnpkg.com/@esbuild/linux-loong64/-/linux-loong64-0.27.7.tgz#9be1f2c28210b13ebb4156221bba356fe1675205"
  integrity sha512-a4POruNM2oWsD4WKvBSEKGIiWQF8fZOAsycHOt6JBpZ+JN2n2JH9WAv56SOyu9X5IqAjqSIPTaJkqN8F7XOQ5Q==

"@esbuild/linux-mips64el@0.27.7":
  version "0.27.7"
  resolved "https://registry.yarnpkg.com/@esbuild/linux-mips64el/-/linux-mips64el-0.27.7.tgz#4ab5ee67a3dfcbcb5e8fd7883dae6e735b1163b8"
  integrity sha512-KabT5I6StirGfIz0FMgl1I+R1H73Gp0ofL9A3nG3i/cYFJzKHhouBV5VWK1CSgKvVaG4q1RNpCTR2LuTVB3fIw==

"@esbuild/linux-ppc64@0.27.7":
  version "0.27.7"
  resolved "https://registry.yarnpkg.com/@esbuild/linux-ppc64/-/linux-ppc64-0.27.7.tgz#dac78c689f6499459c4321e5c15032c12307e7ea"
  integrity sha512-gRsL4x6wsGHGRqhtI+ifpN/vpOFTQtnbsupUF5R5YTAg+y/lKelYR1hXbnBdzDjGbMYjVJLJTd2OFmMewAgwlQ==

"@esbuild/linux-riscv64@0.27.7":
  version "0.27.7"
  resolved "https://registry.yarnpkg.com/@esbuild/linux-riscv64/-/linux-riscv64-0.27.7.tgz#050f7d3b355c3a98308e935bc4d6325da91b0027"
  integrity sha512-hL25LbxO1QOngGzu2U5xeXtxXcW+/GvMN3ejANqXkxZ/opySAZMrc+9LY/WyjAan41unrR3YrmtTsUpwT66InQ==

"@esbuild/linux-s390x@0.27.7":
  version "0.27.7"
  resolved "https://registry.yarnpkg.com/@esbuild/linux-s390x/-/linux-s390x-0.27.7.tgz#d61f715ce61d43fe5844ad0d8f463f88cbe4fef6"
  integrity sha512-2k8go8Ycu1Kb46vEelhu1vqEP+UeRVj2zY1pSuPdgvbd5ykAw82Lrro28vXUrRmzEsUV0NzCf54yARIK8r0fdw==

"@esbuild/linux-x64@0.27.7":
  version "0.27.7"
  resolved "https://registry.yarnpkg.com/@esbuild/linux-x64/-/linux-x64-0.27.7.tgz#ca8e1aa478fc8209257bf3ac8f79c4dc2982f32a"
  integrity sha512-hzznmADPt+OmsYzw1EE33ccA+HPdIqiCRq7cQeL1Jlq2gb1+OyWBkMCrYGBJ+sxVzve2ZJEVeePbLM2iEIZSxA==

"@esbuild/netbsd-arm64@0.27.7":
  version "0.27.7"
  resolved "https://registry.yarnpkg.com/@esbuild/netbsd-arm64/-/netbsd-arm64-0.27.7.tgz#1650f2c1b948deeb3ef948f2fc30614723c09690"
  integrity sha512-b6pqtrQdigZBwZxAn1UpazEisvwaIDvdbMbmrly7cDTMFnw/+3lVxxCTGOrkPVnsYIosJJXAsILG9XcQS+Yu6w==

"@esbuild/netbsd-x64@0.27.7":
  version "0.27.7"
  resolved "https://registry.yarnpkg.com/@esbuild/netbsd-x64/-/netbsd-x64-0.27.7.tgz#65772ab342c4b3319bf0705a211050aac1b6e320"
  integrity sha512-OfatkLojr6U+WN5EDYuoQhtM+1xco+/6FSzJJnuWiUw5eVcicbyK3dq5EeV/QHT1uy6GoDhGbFpprUiHUYggrw==

"@esbuild/openbsd-arm64@0.27.7":
  version "0.27.7"
  resolved "https://registry.yarnpkg.com/@esbuild/openbsd-arm64/-/openbsd-arm64-0.27.7.tgz#37ed7cfa66549d7955852fce37d0c3de4e715ea1"
  integrity sha512-AFuojMQTxAz75Fo8idVcqoQWEHIXFRbOc1TrVcFSgCZtQfSdc1RXgB3tjOn/krRHENUB4j00bfGjyl2mJrU37A==

"@esbuild/openbsd-x64@0.27.7":
  version "0.27.7"
  resolved "https://registry.yarnpkg.com/@esbuild/openbsd-x64/-/openbsd-x64-0.27.7.tgz#01bf3d385855ef50cb33db7c4b52f957c34cd179"
  integrity sha512-+A1NJmfM8WNDv5CLVQYJ5PshuRm/4cI6WMZRg1by1GwPIQPCTs1GLEUHwiiQGT5zDdyLiRM/l1G0Pv54gvtKIg==

"@esbuild/openharmony-arm64@0.27.7":
  version "0.27.7"
  resolved "https://registry.yarnpkg.com/@esbuild/openharmony-arm64/-/openharmony-arm64-0.27.7.tgz#6c1f94b34086599aabda4eac8f638294b9877410"
  integrity sha512-+KrvYb/C8zA9CU/g0sR6w2RBw7IGc5J2BPnc3dYc5VJxHCSF1yNMxTV5LQ7GuKteQXZtspjFbiuW5/dOj7H4Yw==

"@esbuild/sunos-x64@0.27.7":
  version "0.27.7"
  resolved "https://registry.yarnpkg.com/@esbuild/sunos-x64/-/sunos-x64-0.27.7.tgz#4b0dd17ae0a6941d2d0fd35a906392517071a90d"
  integrity sha512-ikktIhFBzQNt/QDyOL580ti9+5mL/YZeUPKU2ivGtGjdTYoqz6jObj6nOMfhASpS4GU4Q/Clh1QtxWAvcYKamA==

"@esbuild/win32-arm64@0.27.7":
  version "0.27.7"
  resolved "https://registry.yarnpkg.com/@esbuild/win32-arm64/-/win32-arm64-0.27.7.tgz#34193ab5565d6ff68ca928ac04be75102ccb2e77"
  integrity sha512-7yRhbHvPqSpRUV7Q20VuDwbjW5kIMwTHpptuUzV+AA46kiPze5Z7qgt6CLCK3pWFrHeNfDd1VKgyP4O+ng17CA==

"@esbuild/win32-ia32@0.27.7":
  version "0.27.7"
  resolved "https://registry.yarnpkg.com/@esbuild/win32-ia32/-/win32-ia32-0.27.7.tgz#eb67f0e4482515d8c1894ede631c327a4da9fc4d"
  integrity sha512-SmwKXe6VHIyZYbBLJrhOoCJRB/Z1tckzmgTLfFYOfpMAx63BJEaL9ExI8x7v0oAO3Zh6D/Oi1gVxEYr5oUCFhw==

"@esbuild/win32-x64@0.27.7":
  version "0.27.7"
  resolved "https://registry.yarnpkg.com/@esbuild/win32-x64/-/win32-x64-0.27.7.tgz#8fe30b3088b89b4873c3a6cc87597ae3920c0a8b"
  integrity sha512-56hiAJPhwQ1R4i+21FVF7V8kSD5zZTdHcVuRFMW0hn753vVfQN8xlx4uOPT4xoGH0Z/oVATuR82AiqSTDIpaHg==

"@napi-rs/wasm-runtime@^1.1.2":
  version "1.1.4"
  resolved "https://registry.yarnpkg.com/@napi-rs/wasm-runtime/-/wasm-runtime-1.1.4.tgz#a46bbfedc29751b7170c5d23bc1d8ee8c7e3c1e1"
  integrity sha512-3NQNNgA1YSlJb/kMH1ildASP9HW7/7kYnRI2szWJaofaS1hWmbGI4H+d3+22aGzXXN9IJ+n+GiFVcGipJP18ow==
  dependencies:
    "@tybys/wasm-util" "^0.10.1"

"@sapphire/async-queue@^1.5.2", "@sapphire/async-queue@^1.5.3":
  version "1.5.5"
  resolved "https://registry.yarnpkg.com/@sapphire/async-queue/-/async-queue-1.5.5.tgz#2b18d402bb920b65b13ad4ed8dfb6c386300dd84"
  integrity sha512-cvGzxbba6sav2zZkH8GPf2oGk9yYoD5qrNWdu9fRehifgnFZJMV+nuy2nON2roRO4yQQ+v7MK/Pktl/HgfsUXg==

"@sapphire/shapeshift@^4.0.0":
  version "4.0.0"
  resolved "https://registry.yarnpkg.com/@sapphire/shapeshift/-/shapeshift-4.0.0.tgz#86c1b41002ff5d0b2ad21cbc3418b06834b89040"
  integrity sha512-d9dUmWVA7MMiKobL3VpLF8P2aeanRTu6ypG2OIaEv/ZHH/SUQ2iHOVyi5wAPjQ+HmnMuL0whK9ez8I/raWbtIg==
  dependencies:
    fast-deep-equal "^3.1.3"
    lodash "^4.17.21"

"@sapphire/snowflake@3.5.3":
  version "3.5.3"
  resolved "https://registry.yarnpkg.com/@sapphire/snowflake/-/snowflake-3.5.3.tgz#0c102aa2ec5b34f806e9bc8625fc6a5e1d0a0c6a"
  integrity sha512-jjmJywLAFoWeBi1W7994zZyiNWPIiqRRNAmSERxyg93xRGzNYvGjlZ0gR6x0F4gPRi2+0O6S71kOZYyr3cxaIQ==

"@sapphire/snowflake@^3.5.5":
  version "3.5.5"
  resolved "https://registry.yarnpkg.com/@sapphire/snowflake/-/snowflake-3.5.5.tgz#33a60ab4231e3cab29e8a0077f342125f2c8d1bd"
  integrity sha512-xzvBr1Q1c4lCe7i6sRnrofxeO1QTP/LKQ6A6qy0iB4x5yfiSfARMEQEghojzTNALDTcv8En04qYNIco9/K9eZQ==

"@snazzah/davey-android-arm-eabi@0.1.11":
  version "0.1.11"
  resolved "https://registry.yarnpkg.com/@snazzah/davey-android-arm-eabi/-/davey-android-arm-eabi-0.1.11.tgz#a3e5f05505ccdac0a2b754aeb6cf72a7b0dd26e9"
  integrity sha512-T1RYbNYKN6tLOcGIDKJd8OI6FBSEemwL7DOYdTMmhqfhhMr3YVN8WOhfoxGg63OcnpTN2e2c5tdY2bAx25RmQQ==

"@snazzah/davey-android-arm64@0.1.11":
  version "0.1.11"
  resolved "https://registry.yarnpkg.com/@snazzah/davey-android-arm64/-/davey-android-arm64-0.1.11.tgz#ddf97a5b0588551f16cd212cc48b08baef044ecf"
  integrity sha512-ksJn/x2VU8h6w9eku1HT96ugSRZ7lKVkKNKbFleaFN+U99DJaPM+gMu2YvnFU4V54HR06ZBnRihnVG6VLXQpDw==

"@snazzah/davey-darwin-arm64@0.1.11":
  version "0.1.11"
  resolved "https://registry.yarnpkg.com/@snazzah/davey-darwin-arm64/-/davey-darwin-arm64-0.1.11.tgz#eeb9e88ca051c56071319f37ad60c2330d0b4271"
  integrity sha512-E1d7PbaaVMO3Lj9EiAPqOVbuV0xg5+PsHzHH097DDXiD1+zUDXvJaTnUWsnm5z50pJniHpi4GtaYmk+ieB/guA==

"@snazzah/davey-darwin-x64@0.1.11":
  version "0.1.11"
  resolved "https://registry.yarnpkg.com/@snazzah/davey-darwin-x64/-/davey-darwin-x64-0.1.11.tgz#1324a9d24ee1f99f85d6281ae0ce003ff50d34ff"
  integrity sha512-Tl4TI/LTmgJZepgbgVMYDi8RqlAkPtPg1OEBPl7a9Tn3AwR36Vs6lyIT1cs/lGy/ds/+B+mKI4rPObN1cyILTw==

"@snazzah/davey-freebsd-x64@0.1.11":
  version "0.1.11"
  resolved "https://registry.yarnpkg.com/@snazzah/davey-freebsd-x64/-/davey-freebsd-x64-0.1.11.tgz#8412832ccf3347c7218878d88db4c5d7068b0385"
  integrity sha512-T8Iw9FXkuI1T+YBAFzh9v/TXf9IOTOSqnd/BFpTRTrlW72PR2lhIidzSmg027VxO7r5pX47iFwiOkb9I/NU/EA==

"@snazzah/davey-linux-arm-gnueabihf@0.1.11":
  version "0.1.11"
  resolved "https://registry.yarnpkg.com/@snazzah/davey-linux-arm-gnueabihf/-/davey-linux-arm-gnueabihf-0.1.11.tgz#5b42cae6a453255ca43e71510a9d02acbfaf5ac5"
  integrity sha512-1Txj+8pqA8uq/OGtaUaBFWAPnNMQzFgIywj0iA7EI4xZl+mab48/pv+YZ1pNb/suC6ynsW44oB9efiXSdcUAgA==

"@snazzah/davey-linux-arm64-gnu@0.1.11":
  version "0.1.11"
  resolved "https://registry.yarnpkg.com/@snazzah/davey-linux-arm64-gnu/-/davey-linux-arm64-gnu-0.1.11.tgz#fbbc9d39ac346c621e2e77b439c13cee9238eb3d"
  integrity sha512-ERzF5nM/IYW1BcN3wLXpEwBCGLFf0kGJUVhaV6yfiInz0tkU8UmvrrgpaMaACfMjIhfWdq5CcX+aTkXo/saNcg==

"@snazzah/davey-linux-arm64-musl@0.1.11":
  version "0.1.11"
  resolved "https://registry.yarnpkg.com/@snazzah/davey-linux-arm64-musl/-/davey-linux-arm64-musl-0.1.11.tgz#d70e7d01bc7886488cf8233d74c8e9ec50161c6b"
  integrity sha512-e6pX6Hiabtz99q+H/YHNkm9JVlpqN8HGh0qPib8G2+UY4/SSH8WvqWipk3v581dMy2oyCHt7MOoY1aU1P1N/xA==

"@snazzah/davey-linux-x64-gnu@0.1.11":
  version "0.1.11"
  resolved "https://registry.yarnpkg.com/@snazzah/davey-linux-x64-gnu/-/davey-linux-x64-gnu-0.1.11.tgz#bee1a42da769205d3da89878c6091b1b52663ae2"
  integrity sha512-TW5bSoqChOJMbvsDb4wAATYrxmAXuNnse7wFNVSAJUaZKSeRfZbu3UAiPWSNn7GwLwSfU6hg322KZUn8IWCuvg==

"@snazzah/davey-linux-x64-musl@0.1.11":
  version "0.1.11"
  resolved "https://registry.yarnpkg.com/@snazzah/davey-linux-x64-musl/-/davey-linux-x64-musl-0.1.11.tgz#48f9464ddf4c588df0d3f281747a08762f82fb86"
  integrity sha512-5j6Pmc+Wzv5lSxVP6quA7teYRJXibkZqQyYGfTDnTsUOO5dPpcojpqlXlkhyvsA1OAQTj4uxbOCciN3cVWwzug==

"@snazzah/davey-wasm32-wasi@0.1.11":
  version "0.1.11"
  resolved "https://registry.yarnpkg.com/@snazzah/davey-wasm32-wasi/-/davey-wasm32-wasi-0.1.11.tgz#c21108887ba69ebd129d70a20379a0799147195f"
  integrity sha512-rKOwZ/0J8lp+4VEyOdMDBRP9KR+PksZpa9V1Qn0veMzy4FqTVKthkxwGqewheFe0SFg9fdvt798l/PBFrfDeZw==
  dependencies:
    "@napi-rs/wasm-runtime" "^1.1.2"

"@snazzah/davey-win32-arm64-msvc@0.1.11":
  version "0.1.11"
  resolved "https://registry.yarnpkg.com/@snazzah/davey-win32-arm64-msvc/-/davey-win32-arm64-msvc-0.1.11.tgz#7f8bd4bd8d9b48029038fa7336ec410c7b85402f"
  integrity sha512-5fptJU4tX901m3mj0SHiBljMrPT4ZEsynbBhR7bK1yn9TY1jjyhN8EFi7QF5IWtUEni+0mia2BCMHZ5ZkmFZqQ==

"@snazzah/davey-win32-ia32-msvc@0.1.11":
  version "0.1.11"
  resolved "https://registry.yarnpkg.com/@snazzah/davey-win32-ia32-msvc/-/davey-win32-ia32-msvc-0.1.11.tgz#7d3fbab5099cf6b62101824021f88eb8b62dfafc"
  integrity sha512-ualexn8SeLsiMHhWfzVrzRcjHgcBapg++FPaVgJJxoh2S/jCRiklXOu3luqIZdJdNKvhe2V9SwO/cImPeIIBKw==

"@snazzah/davey-win32-x64-msvc@0.1.11":
  version "0.1.11"
  resolved "https://registry.yarnpkg.com/@snazzah/davey-win32-x64-msvc/-/davey-win32-x64-msvc-0.1.11.tgz#33c7198ebf91d4378371439e9465f22035e29871"
  integrity sha512-muNhc8UKXtknzsH/w4AIkbPR2I8BuvApn0pDXar0IEvY8PCjqU/M8MPbOOEYwQVvQRMwVTgExtxzrkBPSXB4nA==

"@snazzah/davey@^0.1.9":
  version "0.1.11"
  resolved "https://registry.yarnpkg.com/@snazzah/davey/-/davey-0.1.11.tgz#8073317de82a36aad9ef9890782a6c090fcbd144"
  integrity sha512-oBN+msHzPnm1M5DDx3wVD7iBwpNXFUtkh2MrAbUJu0OhKjliLChi28hq++mu1+qdMpAVQO5JKAvQQxYVbyneiw==
  optionalDependencies:
    "@snazzah/davey-android-arm-eabi" "0.1.11"
    "@snazzah/davey-android-arm64" "0.1.11"
    "@snazzah/davey-darwin-arm64" "0.1.11"
    "@snazzah/davey-darwin-x64" "0.1.11"
    "@snazzah/davey-freebsd-x64" "0.1.11"
    "@snazzah/davey-linux-arm-gnueabihf" "0.1.11"
    "@snazzah/davey-linux-arm64-gnu" "0.1.11"
    "@snazzah/davey-linux-arm64-musl" "0.1.11"
    "@snazzah/davey-linux-x64-gnu" "0.1.11"
    "@snazzah/davey-linux-x64-musl" "0.1.11"
    "@snazzah/davey-wasm32-wasi" "0.1.11"
    "@snazzah/davey-win32-arm64-msvc" "0.1.11"
    "@snazzah/davey-win32-ia32-msvc" "0.1.11"
    "@snazzah/davey-win32-x64-msvc" "0.1.11"

"@tybys/wasm-util@^0.10.1":
  version "0.10.1"
  resolved "https://registry.yarnpkg.com/@tybys/wasm-util/-/wasm-util-0.10.1.tgz#ecddd3205cf1e2d5274649ff0eedd2991ed7f414"
  integrity sha512-9tTaPJLSiejZKx+Bmog4uSubteqTvFrVrURwkmHixBo0G4seD0zUxp98E1DzUBJxLQ3NPwXrGKDiVjwx/DpPsg==
  dependencies:
    tslib "^2.4.0"

"@types/node@*":
  version "25.6.0"
  resolved "https://registry.yarnpkg.com/@types/node/-/node-25.6.0.tgz#4e09bad9b469871f2d0f68140198cbd714f4edca"
  integrity sha512-+qIYRKdNYJwY3vRCZMdJbPLJAtGjQBudzZzdzwQYkEPQd+PJGixUL5QfvCLDaULoLv+RhT3LDkwEfKaAkgSmNQ==
  dependencies:
    undici-types "~7.19.0"

"@types/node@^10.0.3":
  version "10.17.60"
  resolved "https://registry.yarnpkg.com/@types/node/-/node-10.17.60.tgz#35f3d6213daed95da7f0f73e75bcc6980e90597b"
  integrity sha512-F0KIgDJfy2nA3zMLmWGKxcH2ZVEtCZXHHdOQs2gSaQ27+lNeEfGxzkIw90aXswATX7AZ33tahPbzy6KAfUreVw==

"@types/node@^20.0.0":
  version "20.19.39"
  resolved "https://registry.yarnpkg.com/@types/node/-/node-20.19.39.tgz#e98a3b575574070cd34b784bd173767269f95e99"
  integrity sha512-orrrD74MBUyK8jOAD/r0+lfa1I2MO6I+vAkmAWzMYbCcgrN4lCrmK52gRFQq/JRxfYPfonkr4b0jcY7Olqdqbw==
  dependencies:
    undici-types "~6.21.0"

"@types/pg@^8.20.0":
  version "8.20.0"
  resolved "https://registry.yarnpkg.com/@types/pg/-/pg-8.20.0.tgz#8bd03d3ac6b19143a8de7d66a9d13da32cd91526"
  integrity sha512-bEPFOaMAHTEP1EzpvHTbmwR8UsFyHSKsRisLIHVMXnpNefSbGA1bD6CVy+qKjGSqmZqNqBDV2azOBo8TgkcVow==
  dependencies:
    "@types/node" "*"
    pg-protocol "*"
    pg-types "^2.2.0"

"@types/ws@^8.18.1", "@types/ws@^8.5.10":
  version "8.18.1"
  resolved "https://registry.yarnpkg.com/@types/ws/-/ws-8.18.1.tgz#48464e4bf2ddfd17db13d845467f6070ffea4aa9"
  integrity sha512-ThVF6DCVhA8kUGy+aazFQ4kXQ7E1Ty7A3ypFOe0IcJV8O/M511G99AW24irKrW56Wt44yG9+ij8FaqoBGkuBXg==
  dependencies:
    "@types/node" "*"

"@vladfrangu/async_event_emitter@^2.2.4", "@vladfrangu/async_event_emitter@^2.4.6":
  version "2.4.7"
  resolved "https://registry.yarnpkg.com/@vladfrangu/async_event_emitter/-/async_event_emitter-2.4.7.tgz#5d6db8b20e2a3d729834e7cda429d1b6723ff91b"
  integrity sha512-Xfe6rpCTxSxfbswi/W/Pz7zp1WWSNn4A0eW4mLkQUewCrXXtMj31lCg+iQyTkh/CkusZSq9eDflu7tjEDXUY6g==

agent-base@6:
  version "6.0.2"
  resolved "https://registry.yarnpkg.com/agent-base/-/agent-base-6.0.2.tgz#49fff58577cfee3f37176feab4c22e00f86d7f77"
  integrity sha512-RZNwNclF7+MS/8bDg70amg32dyeZGZxiDuQmZxKLAlQjr3jGyLx+4Kkk58UO7D2QdgFIQCovuSuZESne6RG6XQ==
  dependencies:
    debug "4"

buffer-from@^1.0.0:
  version "1.1.2"
  resolved "https://registry.yarnpkg.com/buffer-from/-/buffer-from-1.1.2.tgz#2b146a6fd72e80b4f55d255f35ed59a3a9a41bd5"
  integrity sha512-E+XQCRwSbaaiChtv6k6Dwgc+bx+Bs6vuKJHHl5kox/BaKbhiXzqQOwK4cO22yElGp2OCmjwVhT3HmxgyPGnJfQ==

caseless@^0.12.0:
  version "0.12.0"
  resolved "https://registry.yarnpkg.com/caseless/-/caseless-0.12.0.tgz#1b681c21ff84033c826543090689420d187151dc"
  integrity sha512-4tYFyifaFfGacoiObjJegolkwSU4xQNGbVgUiNYVUxbQ2x2lUsFvY4hVgVzGiIe6WLOPqycWXA40l+PWsxthUw==

concat-stream@^2.0.0:
  version "2.0.0"
  resolved "https://registry.yarnpkg.com/concat-stream/-/concat-stream-2.0.0.tgz#414cf5af790a48c60ab9be4527d56d5e41133cb1"
  integrity sha512-MWufYdFw53ccGjCA+Ol7XJYpAlW6/prSMzuPOTRnJGcGzuhLn4Scrz7qf6o8bROZ514ltazcIFJZevcfbo0x7A==
  dependencies:
    buffer-from "^1.0.0"
    inherits "^2.0.3"
    readable-stream "^3.0.2"
    typedarray "^0.0.6"

debug@4:
  version "4.4.3"
  resolved "https://registry.yarnpkg.com/debug/-/debug-4.4.3.tgz#c6ae432d9bd9662582fce08709b038c58e9e3d6a"
  integrity sha512-RGwwWnwQvkVfavKVt22FGLw+xYSdzARwm0ru6DhTVA3umU5hZc28V3kO4stgYryrTlLpuvgI9GiijltAjNbcqA==
  dependencies:
    ms "^2.1.3"

discord-api-types@^0.38.1, discord-api-types@^0.38.33, discord-api-types@^0.38.40:
  version "0.38.46"
  resolved "https://registry.yarnpkg.com/discord-api-types/-/discord-api-types-0.38.46.tgz#40c77e4027fd436d6c763fd2170260415440edf2"
  integrity sha512-Ae7NcagMG+FPxwuQxGCPEHmLCKMm8YBMPWEuF5J3L+KWrlH4XGR3UoVo4Ne8bwhhHXbpf+DxDqOeW2jBFupXCQ==

discord-api-types@^0.38.41:
  version "0.38.47"
  resolved "https://registry.yarnpkg.com/discord-api-types/-/discord-api-types-0.38.47.tgz#34f2dde6ff65d31fc8950b298426d61b46836901"
  integrity sha512-XgXQodHQBAE6kfD7kMvVo30863iHX1LHSqNq6MGUTDwIFCCvHva13+rwxyxVXDqudyApMNAd32PGjgVETi5rjA==

discord.js@^14.26.3:
  version "14.26.3"
  resolved "https://registry.yarnpkg.com/discord.js/-/discord.js-14.26.3.tgz#51d0b781780058cce4a2d71caa5653bfcc152559"
  integrity sha512-XEKtYn28YFsiJ5l4fLRyikdbo6RD5oFyqfVHQlvXz2104JhH/E8slN28dbky05w3DCrJcNVWvhVvcJCTSl/KIg==
  dependencies:
    "@discordjs/builders" "^1.14.1"
    "@discordjs/collection" "1.5.3"
    "@discordjs/formatters" "^0.6.2"
    "@discordjs/rest" "^2.6.1"
    "@discordjs/util" "^1.2.0"
    "@discordjs/ws" "^1.2.3"
    "@sapphire/snowflake" "3.5.3"
    discord-api-types "^0.38.40"
    fast-deep-equal "3.1.3"
    lodash.snakecase "4.1.1"
    magic-bytes.js "^1.13.0"
    tslib "^2.6.3"
    undici "6.24.1"

dotenv@^17.4.2:
  version "17.4.2"
  resolved "https://registry.yarnpkg.com/dotenv/-/dotenv-17.4.2.tgz#c07e54a746e11eba021dd9e1047ced5afdc1c034"
  integrity sha512-nI4U3TottKAcAD9LLud4Cb7b2QztQMUEfHbvhTH09bqXTxnSie8WnjPALV/WMCrJZ6UV/qHJ6L03OqO3LcdYZw==

env-paths@^2.2.0:
  version "2.2.1"
  resolved "https://registry.yarnpkg.com/env-paths/-/env-paths-2.2.1.tgz#420399d416ce1fbe9bc0a07c62fa68d67fd0f8f2"
  integrity sha512-+h1lkLKhZMTYjog1VEpJNG7NZJWcuc2DDk/qsqSTRRCOXiLjeQ1d1/udrUGhqMxUgAlwKNZ0cf2uqan5GLuS2A==

esbuild@~0.27.0:
  version "0.27.7"
  resolved "https://registry.yarnpkg.com/esbuild/-/esbuild-0.27.7.tgz#bcadce22b2f3fd76f257e3a64f83a64986fea11f"
  integrity sha512-IxpibTjyVnmrIQo5aqNpCgoACA/dTKLTlhMHihVHhdkxKyPO1uBBthumT0rdHmcsk9uMonIWS0m4FljWzILh3w==
  optionalDependencies:
    "@esbuild/aix-ppc64" "0.27.7"
    "@esbuild/android-arm" "0.27.7"
    "@esbuild/android-arm64" "0.27.7"
    "@esbuild/android-x64" "0.27.7"
    "@esbuild/darwin-arm64" "0.27.7"
    "@esbuild/darwin-x64" "0.27.7"
    "@esbuild/freebsd-arm64" "0.27.7"
    "@esbuild/freebsd-x64" "0.27.7"
    "@esbuild/linux-arm" "0.27.7"
    "@esbuild/linux-arm64" "0.27.7"
    "@esbuild/linux-ia32" "0.27.7"
    "@esbuild/linux-loong64" "0.27.7"
    "@esbuild/linux-mips64el" "0.27.7"
    "@esbuild/linux-ppc64" "0.27.7"
    "@esbuild/linux-riscv64" "0.27.7"
    "@esbuild/linux-s390x" "0.27.7"
    "@esbuild/linux-x64" "0.27.7"
    "@esbuild/netbsd-arm64" "0.27.7"
    "@esbuild/netbsd-x64" "0.27.7"
    "@esbuild/openbsd-arm64" "0.27.7"
    "@esbuild/openbsd-x64" "0.27.7"
    "@esbuild/openharmony-arm64" "0.27.7"
    "@esbuild/sunos-x64" "0.27.7"
    "@esbuild/win32-arm64" "0.27.7"
    "@esbuild/win32-ia32" "0.27.7"
    "@esbuild/win32-x64" "0.27.7"

fast-deep-equal@3.1.3, fast-deep-equal@^3.1.3:
  version "3.1.3"
  resolved "https://registry.yarnpkg.com/fast-deep-equal/-/fast-deep-equal-3.1.3.tgz#3a7d56b559d6cbc3eb512325244e619a65c6c525"
  integrity sha512-f3qQ9oQy9j2AhBe/H9VC91wLmKBCCU/gDOnKNAYG5hswO7BLKj09Hc5HYNz9cGI++xlpDCIgDaitVs03ATR84Q==

ffmpeg-static@^5.3.0:
  version "5.3.0"
  resolved "https://registry.yarnpkg.com/ffmpeg-static/-/ffmpeg-static-5.3.0.tgz#3089fc01d1bb9c58cbe74631986fdacbd86d8b14"
  integrity sha512-H+K6sW6TiIX6VGend0KQwthe+kaceeH/luE8dIZyOP35ik7ahYojDuqlTV1bOrtEwl01sy2HFNGQfi5IDJvotg==
  dependencies:
    "@derhuerst/http-basic" "^8.2.0"
    env-paths "^2.2.0"
    https-proxy-agent "^5.0.0"
    progress "^2.0.3"

fsevents@~2.3.3:
  version "2.3.3"
  resolved "https://registry.yarnpkg.com/fsevents/-/fsevents-2.3.3.tgz#cac6407785d03675a2a5e1a5305c697b347d90d6"
  integrity sha512-5xoDfX+fL7faATnagmWPpbFtwh/R77WmMMqqHGS65C3vvB0YHrgF+B1YmZ3441tMj5n63k0212XNoJwzlhffQw==

get-tsconfig@^4.7.5:
  version "4.13.7"
  resolved "https://registry.yarnpkg.com/get-tsconfig/-/get-tsconfig-4.13.7.tgz#b9d8b199b06033ceeea1a93df7ea5765415089bc"
  integrity sha512-7tN6rFgBlMgpBML5j8typ92BKFi2sFQvIdpAqLA2beia5avZDrMs0FLZiM5etShWq5irVyGcGMEA1jcDaK7A/Q==
  dependencies:
    resolve-pkg-maps "^1.0.0"

http-response-object@^3.0.1:
  version "3.0.2"
  resolved "https://registry.yarnpkg.com/http-response-object/-/http-response-object-3.0.2.tgz#7f435bb210454e4360d074ef1f989d5ea8aa9810"
  integrity sha512-bqX0XTF6fnXSQcEJ2Iuyr75yVakyjIDCqroJQ/aHfSdlM743Cwqoi2nDYMzLGWUcuTWGWy8AAvOKXTfiv6q9RA==
  dependencies:
    "@types/node" "^10.0.3"

https-proxy-agent@^5.0.0:
  version "5.0.1"
  resolved "https://registry.yarnpkg.com/https-proxy-agent/-/https-proxy-agent-5.0.1.tgz#c59ef224a04fe8b754f3db0063a25ea30d0005d6"
  integrity sha512-dFcAjpTQFgoLMzC2VwU+C/CbS7uRL0lWmxDITmqm7C+7F0Odmj6s9l6alZc6AELXhrnggM2CeWSXHGOdX2YtwA==
  dependencies:
    agent-base "6"
    debug "4"

inherits@^2.0.3:
  version "2.0.4"
  resolved "https://registry.yarnpkg.com/inherits/-/inherits-2.0.4.tgz#0fa2c64f932917c3433a0ded55363aae37416b7c"
  integrity sha512-k/vGaX4/Yla3WzyMCvTQOXYeIHvqOKtnqBduzTHpzpQZzAskKMhZ2K+EnBiSM9zGSoIFeMpXKxa4dYeZIQqewQ==

lodash.snakecase@4.1.1:
  version "4.1.1"
  resolved "https://registry.yarnpkg.com/lodash.snakecase/-/lodash.snakecase-4.1.1.tgz#39d714a35357147837aefd64b5dcbb16becd8f8d"
  integrity sha512-QZ1d4xoBHYUeuouhEq3lk3Uq7ldgyFXGBhg04+oRLnIz8o9T65Eh+8YdroUwn846zchkA9yDsDl5CVVaV2nqYw==

lodash@^4.17.21:
  version "4.18.1"
  resolved "https://registry.yarnpkg.com/lodash/-/lodash-4.18.1.tgz#ff2b66c1f6326d59513de2407bf881439812771c"
  integrity sha512-dMInicTPVE8d1e5otfwmmjlxkZoUpiVLwyeTdUsi/Caj/gfzzblBcCE5sRHV/AsjuCmxWrte2TNGSYuCeCq+0Q==

magic-bytes.js@^1.13.0:
  version "1.13.0"
  resolved "https://registry.yarnpkg.com/magic-bytes.js/-/magic-bytes.js-1.13.0.tgz#b86cc065639368599034ec67941da39d88d7795e"
  integrity sha512-afO2mnxW7GDTXMm5/AoN1WuOcdoKhtgXjIvHmobqTD1grNplhGdv3PFOyjCVmrnOZBIT/gD/koDKpYG+0mvHcg==

ms@^2.1.3:
  version "2.1.3"
  resolved "https://registry.yarnpkg.com/ms/-/ms-2.1.3.tgz#574c8138ce1d2b5861f0b44579dbadd60c6615b2"
  integrity sha512-6FlzubTLZG3J2a/NVCAleEhjzq5oxgHyaCU9yYXvcLsvoVaHJq/s5xXI6/XXP6tz7R9xAOtHnSO/tXtF3WRTlA==

openai@^6.34.0:
  version "6.34.0"
  resolved "https://registry.yarnpkg.com/openai/-/openai-6.34.0.tgz#93483a1044e2dcd62891bba580772b9cb792395d"
  integrity sha512-yEr2jdGf4tVFYG6ohmr3pF6VJuveP0EA/sS8TBx+4Eq5NT10alu5zg2dmxMXMgqpihRDQlFGpRt2XwsGj+Fyxw==

opusscript@^0.1.1:
  version "0.1.1"
  resolved "https://registry.yarnpkg.com/opusscript/-/opusscript-0.1.1.tgz#322c126b753ddbf9b0b209d0060a432805b6a34d"
  integrity sha512-mL0fZZOUnXdZ78woRXp18lApwpp0lF5tozJOD1Wut0dgrA9WuQTgSels/CSmFleaAZrJi/nci5KOVtbuxeWoQA==

parse-cache-control@^1.0.1:
  version "1.0.1"
  resolved "https://registry.yarnpkg.com/parse-cache-control/-/parse-cache-control-1.0.1.tgz#8eeab3e54fa56920fe16ba38f77fa21aacc2d74e"
  integrity sha512-60zvsJReQPX5/QP0Kzfd/VrpjScIQ7SHBW6bFCYfEP+fp0Eppr1SHhIO5nd1PjZtvclzSzES9D/p5nFJurwfWg==

pg-cloudflare@^1.3.0:
  version "1.3.0"
  resolved "https://registry.yarnpkg.com/pg-cloudflare/-/pg-cloudflare-1.3.0.tgz#386035d4bfcf1a7045b026f8b21acf5353f14d65"
  integrity sha512-6lswVVSztmHiRtD6I8hw4qP/nDm1EJbKMRhf3HCYaqud7frGysPv7FYJ5noZQdhQtN2xJnimfMtvQq21pdbzyQ==

pg-connection-string@^2.12.0:
  version "2.12.0"
  resolved "https://registry.yarnpkg.com/pg-connection-string/-/pg-connection-string-2.12.0.tgz#4084f917902bb2daae3dc1376fe24ac7b4eaccf2"
  integrity sha512-U7qg+bpswf3Cs5xLzRqbXbQl85ng0mfSV/J0nnA31MCLgvEaAo7CIhmeyrmJpOr7o+zm0rXK+hNnT5l9RHkCkQ==

pg-int8@1.0.1:
  version "1.0.1"
  resolved "https://registry.yarnpkg.com/pg-int8/-/pg-int8-1.0.1.tgz#943bd463bf5b71b4170115f80f8efc9a0c0eb78c"
  integrity sha512-WCtabS6t3c8SkpDBUlb1kjOs7l66xsGdKpIPZsg4wR+B3+u9UAum2odSsF9tnvxg80h4ZxLWMy4pRjOsFIqQpw==

pg-pool@^3.13.0:
  version "3.13.0"
  resolved "https://registry.yarnpkg.com/pg-pool/-/pg-pool-3.13.0.tgz#416482e9700e8f80c685a6ae5681697a413c13a3"
  integrity sha512-gB+R+Xud1gLFuRD/QgOIgGOBE2KCQPaPwkzBBGC9oG69pHTkhQeIuejVIk3/cnDyX39av2AxomQiyPT13WKHQA==

pg-protocol@*, pg-protocol@^1.13.0:
  version "1.13.0"
  resolved "https://registry.yarnpkg.com/pg-protocol/-/pg-protocol-1.13.0.tgz#fdaf6d020bca590d58bb991b4b16fc448efe0511"
  integrity sha512-zzdvXfS6v89r6v7OcFCHfHlyG/wvry1ALxZo4LqgUoy7W9xhBDMaqOuMiF3qEV45VqsN6rdlcehHrfDtlCPc8w==

pg-types@2.2.0, pg-types@^2.2.0:
  version "2.2.0"
  resolved "https://registry.yarnpkg.com/pg-types/-/pg-types-2.2.0.tgz#2d0250d636454f7cfa3b6ae0382fdfa8063254a3"
  integrity sha512-qTAAlrEsl8s4OiEQY69wDvcMIdQN6wdz5ojQiOy6YRMuynxenON0O5oCpJI6lshc6scgAY8qvJ2On/p+CXY0GA==
  dependencies:
    pg-int8 "1.0.1"
    postgres-array "~2.0.0"
    postgres-bytea "~1.0.0"
    postgres-date "~1.0.4"
    postgres-interval "^1.1.0"

pg@^8.20.0:
  version "8.20.0"
  resolved "https://registry.yarnpkg.com/pg/-/pg-8.20.0.tgz#1a274de944cb329fd6dd77a6d371a005ba6b136d"
  integrity sha512-ldhMxz2r8fl/6QkXnBD3CR9/xg694oT6DZQ2s6c/RI28OjtSOpxnPrUCGOBJ46RCUxcWdx3p6kw/xnDHjKvaRA==
  dependencies:
    pg-connection-string "^2.12.0"
    pg-pool "^3.13.0"
    pg-protocol "^1.13.0"
    pg-types "2.2.0"
    pgpass "1.0.5"
  optionalDependencies:
    pg-cloudflare "^1.3.0"

pgpass@1.0.5:
  version "1.0.5"
  resolved "https://registry.yarnpkg.com/pgpass/-/pgpass-1.0.5.tgz#9b873e4a564bb10fa7a7dbd55312728d422a223d"
  integrity sha512-FdW9r/jQZhSeohs1Z3sI1yxFQNFvMcnmfuj4WBMUTxOrAyLMaTcE1aAMBiTlbMNaXvBCQuVi0R7hd8udDSP7ug==
  dependencies:
    split2 "^4.1.0"

postgres-array@~2.0.0:
  version "2.0.0"
  resolved "https://registry.yarnpkg.com/postgres-array/-/postgres-array-2.0.0.tgz#48f8fce054fbc69671999329b8834b772652d82e"
  integrity sha512-VpZrUqU5A69eQyW2c5CA1jtLecCsN2U/bD6VilrFDWq5+5UIEVO7nazS3TEcHf1zuPYO/sqGvUvW62g86RXZuA==

postgres-bytea@~1.0.0:
  version "1.0.1"
  resolved "https://registry.yarnpkg.com/postgres-bytea/-/postgres-bytea-1.0.1.tgz#c40b3da0222c500ff1e51c5d7014b60b79697c7a"
  integrity sha512-5+5HqXnsZPE65IJZSMkZtURARZelel2oXUEO8rH83VS/hxH5vv1uHquPg5wZs8yMAfdv971IU+kcPUczi7NVBQ==

postgres-date@~1.0.4:
  version "1.0.7"
  resolved "https://registry.yarnpkg.com/postgres-date/-/postgres-date-1.0.7.tgz#51bc086006005e5061c591cee727f2531bf641a8"
  integrity sha512-suDmjLVQg78nMK2UZ454hAG+OAW+HQPZ6n++TNDUX+L0+uUlLywnoxJKDou51Zm+zTCjrCl0Nq6J9C5hP9vK/Q==

postgres-interval@^1.1.0:
  version "1.2.0"
  resolved "https://registry.yarnpkg.com/postgres-interval/-/postgres-interval-1.2.0.tgz#b460c82cb1587507788819a06aa0fffdb3544695"
  integrity sha512-9ZhXKM/rw350N1ovuWHbGxnGh/SNJ4cnxHiM0rxE4VN41wsg8P8zWn9hv/buK00RP4WvlOyr/RBDiptyxVbkZQ==
  dependencies:
    xtend "^4.0.0"

prism-media@^1.3.5:
  version "1.3.5"
  resolved "https://registry.yarnpkg.com/prism-media/-/prism-media-1.3.5.tgz#ea1533229f304a1b774b158de40e98c765db0aa6"
  integrity sha512-IQdl0Q01m4LrkN1EGIE9lphov5Hy7WWlH6ulf5QdGePLlPas9p2mhgddTEHrlaXYjjFToM1/rWuwF37VF4taaA==

progress@^2.0.3:
  version "2.0.3"
  resolved "https://registry.yarnpkg.com/progress/-/progress-2.0.3.tgz#7e8cf8d8f5b8f239c1bc68beb4eb78567d572ef8"
  integrity sha512-7PiHtLll5LdnKIMw100I+8xJXR5gW2QwWYkT6iJva0bXitZKa/XMrSbdmg3r2Xnaidz9Qumd0VPaMrZlF9V9sA==

readable-stream@^3.0.2:
  version "3.6.2"
  resolved "https://registry.yarnpkg.com/readable-stream/-/readable-stream-3.6.2.tgz#56a9b36ea965c00c5a93ef31eb111a0f11056967"
  integrity sha512-9u/sniCrY3D5WdsERHzHE4G2YCXqoG5FTHUiCC4SIbr6XcLZBY05ya9EKjYek9O5xOAwjGq+1JdGBAS7Q9ScoA==
  dependencies:
    inherits "^2.0.3"
    string_decoder "^1.1.1"
    util-deprecate "^1.0.1"

resolve-pkg-maps@^1.0.0:
  version "1.0.0"
  resolved "https://registry.yarnpkg.com/resolve-pkg-maps/-/resolve-pkg-maps-1.0.0.tgz#616b3dc2c57056b5588c31cdf4b3d64db133720f"
  integrity sha512-seS2Tj26TBVOC2NIc2rOe2y2ZO7efxITtLZcGSOnHHNOQ7CkiUBfw0Iw2ck6xkIhPwLhKNLS8BO+hEpngQlqzw==

safe-buffer@~5.2.0:
  version "5.2.1"
  resolved "https://registry.yarnpkg.com/safe-buffer/-/safe-buffer-5.2.1.tgz#1eaf9fa9bdb1fdd4ec75f58f9cdb4e6b7827eec6"
  integrity sha512-rp3So07KcdmmKbGvgaNxQSJr7bGVSVk5S9Eq1F+ppbRo70+YeaDxkw5Dd8NPN+GD6bjnYm2VuPuCXmpuYvmCXQ==

split2@^4.1.0:
  version "4.2.0"
  resolved "https://registry.yarnpkg.com/split2/-/split2-4.2.0.tgz#c9c5920904d148bab0b9f67145f245a86aadbfa4"
  integrity sha512-UcjcJOWknrNkF6PLX83qcHM6KHgVKNkV62Y8a5uYDVv9ydGQVwAHMKqHdJje1VTWpljG0WYpCDhrCdAOYH4TWg==

string_decoder@^1.1.1:
  version "1.3.0"
  resolved "https://registry.yarnpkg.com/string_decoder/-/string_decoder-1.3.0.tgz#42f114594a46cf1a8e30b0a84f56c78c3edac21e"
  integrity sha512-hkRX8U1WjJFd8LsDJ2yQ/wWWxaopEsABU1XfkM8A+j0+85JAGppt16cr1Whg6KIbb4okU6Mql6BOj+uup/wKeA==
  dependencies:
    safe-buffer "~5.2.0"

ts-mixer@^6.0.4:
  version "6.0.4"
  resolved "https://registry.yarnpkg.com/ts-mixer/-/ts-mixer-6.0.4.tgz#1da39ceabc09d947a82140d9f09db0f84919ca28"
  integrity sha512-ufKpbmrugz5Aou4wcr5Wc1UUFWOLhq+Fm6qa6P0w0K5Qw2yhaUoiWszhCVuNQyNwrlGiscHOmqYoAox1PtvgjA==

tslib@^2.4.0, tslib@^2.6.2, tslib@^2.6.3, tslib@^2.8.1:
  version "2.8.1"
  resolved "https://registry.yarnpkg.com/tslib/-/tslib-2.8.1.tgz#612efe4ed235d567e8aba5f2a5fab70280ade83f"
  integrity sha512-oJFu94HQb+KVduSUQL7wnpmqnfmLsOA/nAh6b6EH0wCEoK0/mPeXU6c3wKDV83MkOuHPRHtSXKKU99IBazS/2w==

tsx@^4.21.0:
  version "4.21.0"
  resolved "https://registry.yarnpkg.com/tsx/-/tsx-4.21.0.tgz#32aa6cf17481e336f756195e6fe04dae3e6308b1"
  integrity sha512-5C1sg4USs1lfG0GFb2RLXsdpXqBSEhAaA/0kPL01wxzpMqLILNxIxIOKiILz+cdg/pLnOUxFYOR5yhHU666wbw==
  dependencies:
    esbuild "~0.27.0"
    get-tsconfig "^4.7.5"
  optionalDependencies:
    fsevents "~2.3.3"

typedarray@^0.0.6:
  version "0.0.6"
  resolved "https://registry.yarnpkg.com/typedarray/-/typedarray-0.0.6.tgz#867ac74e3864187b1d3d47d996a78ec5c8830777"
  integrity sha512-/aCDEGatGvZ2BIk+HmLf4ifCJFwvKFNb9/JeZPMulfgFracn9QFcAf5GO8B/mweUjSoblS5In0cWhqpfs/5PQA==

typescript@^5.0.0:
  version "5.9.3"
  resolved "https://registry.yarnpkg.com/typescript/-/typescript-5.9.3.tgz#5b4f59e15310ab17a216f5d6cf53ee476ede670f"
  integrity sha512-jl1vZzPDinLr9eUt3J/t7V6FgNEw9QjvBPdysz9KfQDD41fQrC2Y4vKQdiaUpFT4bXlb1RHhLpp8wtm6M5TgSw==

undici-types@~6.21.0:
  version "6.21.0"
  resolved "https://registry.yarnpkg.com/undici-types/-/undici-types-6.21.0.tgz#691d00af3909be93a7faa13be61b3a5b50ef12cb"
  integrity sha512-iwDZqg0QAGrg9Rav5H4n0M64c3mkR59cJ6wQp+7C4nI0gsmExaedaYLNO44eT4AtBBwjbTiGPMlt2Md0T9H9JQ==

undici-types@~7.19.0:
  version "7.19.2"
  resolved "https://registry.yarnpkg.com/undici-types/-/undici-types-7.19.2.tgz#1b67fc26d0f157a0cba3a58a5b5c1e2276b8ba2a"
  integrity sha512-qYVnV5OEm2AW8cJMCpdV20CDyaN3g0AjDlOGf1OW4iaDEx8MwdtChUp4zu4H0VP3nDRF/8RKWH+IPp9uW0YGZg==

undici@6.24.1:
  version "6.24.1"
  resolved "https://registry.yarnpkg.com/undici/-/undici-6.24.1.tgz#9df1425cede20b836d95634347946f79578b7e71"
  integrity sha512-sC+b0tB1whOCzbtlx20fx3WgCXwkW627p4EA9uM+/tNNPkSS+eSEld6pAs9nDv7WbY1UUljBMYPtu9BCOrCWKA==

util-deprecate@^1.0.1:
  version "1.0.2"
  resolved "https://registry.yarnpkg.com/util-deprecate/-/util-deprecate-1.0.2.tgz#450d4dc9fa70de732762fbd2d4a28981419a0ccf"
  integrity sha512-EPD5q1uXyFxJpCrLnCc1nHnq3gOa6DZBocAIiI2TaSCA7VCJ1UJDMagCzIkXNsUYfD1daK//LTEQ8xiIbrHtcw==

ws@^8.17.0, ws@^8.19.0:
  version "8.20.0"
  resolved "https://registry.yarnpkg.com/ws/-/ws-8.20.0.tgz#4cd9532358eba60bc863aad1623dfb045a4d4af8"
  integrity sha512-sAt8BhgNbzCtgGbt2OxmpuryO63ZoDk/sqaB/znQm94T4fCEsy/yV+7CdC1kJhOU9lboAEU7R3kquuycDoibVA==

xtend@^4.0.0:
  version "4.0.2"
  resolved "https://registry.yarnpkg.com/xtend/-/xtend-4.0.2.tgz#bb72779f5fa465186b1f438f674fa347fdb5db54"
  integrity sha512-LKYU1iAXJXUgAXn9URjiu+MWhyUXHsvfp7mcuYm9dSUKK0/CjtrUwFAxD82/mCWbtLsGjFIad0wIsod4zrTAEQ==
